<Solution>
  <Folder Name="/samples/">
    <Project Path="samples/LexVerse.Demo.Wpf/LexVerse.Demo.Wpf.csproj" />
  </Folder>
  <Folder Name="/src/">
    <Project Path="src/LexVerse.App/LexVerse.App.csproj" />
    <Project Path="src/LexVerse.Core/LexVerse.Core.csproj" />
    <Project Path="src/LexVerse.Infrastructure/LexVerse.Infrastructure.csproj" />
    <Project Path="src/LexVerse.OCR/LexVerse.OCR.csproj" />
  </Folder>
</Solution>
